{
  "version": "5",
  "specifiers": {
    "jsr:@std/assert@0.224": "0.224.0",
    "jsr:@std/async@0.224": "0.224.2",
    "jsr:@std/cli@0.224": "0.224.7",
    "jsr:@std/encoding@0.224": "0.224.3",
    "jsr:@std/fmt@0.224": "0.224.0",
    "jsr:@std/http@0.224.0": "0.224.0",
    "jsr:@std/media-types@0.224": "0.224.1",
    "jsr:@std/path@0.224": "0.224.0",
    "jsr:@std/streams@0.224": "0.224.5",
    "jsr:@supabase/functions-js@^0.0.0-automated": "0.0.0-jsr-test.1",
    "jsr:@supabase/supabase-js@^2.91.0": "2.91.0",
    "npm:@supabase/auth-js@2.91.0": "2.91.0",
    "npm:@supabase/postgrest-js@2.91.0": "2.91.0",
    "npm:@supabase/realtime-js@2.91.0": "2.91.0",
    "npm:@supabase/storage-js@2.91.0": "2.91.0"
  },
  "jsr": {
    "@std/assert@0.224.0": {
      "integrity": "8643233ec7aec38a940a8264a6e3eed9bfa44e7a71cc6b3c8874213ff401967f"
    },
    "@std/async@0.224.2": {
      "integrity": "4d277d6e165df43d5e061ba0ef3edfddb8e8d558f5b920e3e6b1d2614b44d074"
    },
    "@std/cli@0.224.7": {
      "integrity": "654ca6477518e5e3a0d3fabafb2789e92b8c0febf1a1d24ba4b567aba94b5977"
    },
    "@std/encoding@0.224.3": {
      "integrity": "5e861b6d81be5359fad4155e591acf17c0207b595112d1840998bb9f476dbdaf"
    },
    "@std/fmt@0.224.0": {
      "integrity": "e20e9a2312a8b5393272c26191c0a68eda8d2c4b08b046bad1673148f1d69851"
    },
    "@std/http@0.224.0": {
      "integrity": "fde48c9133d1d7bb94c134d8f0f01c1a737e6e3879f52580e9ca92217a011e82",
      "dependencies": [
        "jsr:@std/assert",
        "jsr:@std/async",
        "jsr:@std/cli",
        "jsr:@std/encoding",
        "jsr:@std/fmt",
        "jsr:@std/media-types",
        "jsr:@std/path",
        "jsr:@std/streams"
      ]
    },
    "@std/media-types@0.224.1": {
      "integrity": "9e69a5daed37c5b5c6d3ce4731dc191f80e67f79bed392b0957d1d03b87f11e1"
    },
    "@std/path@0.224.0": {
      "integrity": "55bca6361e5a6d158b9380e82d4981d82d338ec587de02951e2b7c3a24910ee6",
      "dependencies": [
        "jsr:@std/assert"
      ]
    },
    "@std/streams@0.224.5": {
      "integrity": "bcde7818dd5460d474cdbd674b15f6638b9cd73cd64e52bd852fba2bd4d8ec91"
    },
    "@supabase/functions-js@0.0.0-jsr-test.1": {
      "integrity": "b1b37924af1f0011b4753201e1585a37b030e996c6682492e02575eb27d902b2"
    },
    "@supabase/supabase-js@2.91.0": {
      "integrity": "e7f1aa393cf38cb92b8a76350234f1f59c7f47eeb1198380a621d8cfff4b4d3b",
      "dependencies": [
        "jsr:@supabase/functions-js",
        "npm:@supabase/auth-js",
        "npm:@supabase/postgrest-js",
        "npm:@supabase/realtime-js",
        "npm:@supabase/storage-js"
      ]
    }
  },
  "npm": {
    "@supabase/auth-js@2.91.0": {
      "integrity": "sha512-9ywvsKLsxTwv7fvN5fXzP3UfRreqrX2waylTBDu0lkmeHXa8WtSQS9e0WV9FBduiazYqQbgfBQXBNPRPsRgWOQ==",
      "dependencies": [
        "tslib"
      ]
    },
    "@supabase/postgrest-js@2.91.0": {
      "integrity": "sha512-5S41zv2euNpGucvtM4Wy+xOmLznqt/XO+Lh823LOFEQ00ov7QJfvqb6VzIxufvzhooZpmGR0BxvMcJtWxCIFdQ==",
      "dependencies": [
        "tslib"
      ]
    },
    "@supabase/realtime-js@2.91.0": {
      "integrity": "sha512-u2YuJFG35umw8DO9beC27L/jYXm3KhF+73WQwbynMpV0tXsFIA0DOGRM0NgRyy03hJIdO6mxTTwe8efW3yx3Tg==",
      "dependencies": [
        "@types/phoenix",
        "@types/ws",
        "tslib",
        "ws"
      ]
    },
    "@supabase/storage-js@2.91.0": {
      "integrity": "sha512-CI7fsVIBQHfNObqU9kmyQ1GWr+Ug44y4rSpvxT4LdQB9tlhg1NTBov6z7Dlmt8d6lGi/8a9lf/epCDxyWI792g==",
      "dependencies": [
        "iceberg-js",
        "tslib"
      ]
    },
    "@types/node@25.0.10": {
      "integrity": "sha512-zWW5KPngR/yvakJgGOmZ5vTBemDoSqF3AcV/LrO5u5wTWyEAVVh+IT39G4gtyAkh3CtTZs8aX/yRM82OfzHJRg==",
      "dependencies": [
        "undici-types"
      ]
    },
    "@types/phoenix@1.6.7": {
      "integrity": "sha512-oN9ive//QSBkf19rfDv45M7eZPi0eEXylht2OLEXicu5b4KoQ1OzXIw+xDSGWxSxe1JmepRR/ZH283vsu518/Q=="
    },
    "@types/ws@8.18.1": {
      "integrity": "sha512-ThVF6DCVhA8kUGy+aazFQ4kXQ7E1Ty7A3ypFOe0IcJV8O/M511G99AW24irKrW56Wt44yG9+ij8FaqoBGkuBXg==",
      "dependencies": [
        "@types/node"
      ]
    },
    "iceberg-js@0.8.1": {
      "integrity": "sha512-1dhVQZXhcHje7798IVM+xoo/1ZdVfzOMIc8/rgVSijRK38EDqOJoGula9N/8ZI5RD8QTxNQtK/Gozpr+qUqRRA=="
    },
    "tslib@2.8.1": {
      "integrity": "sha512-oJFu94HQb+KVduSUQL7wnpmqnfmLsOA/nAh6b6EH0wCEoK0/mPeXU6c3wKDV83MkOuHPRHtSXKKU99IBazS/2w=="
    },
    "undici-types@7.16.0": {
      "integrity": "sha512-Zz+aZWSj8LE6zoxD+xrjh4VfkIG8Ya6LvYkZqtUQGJPZjYl53ypCaUwWqo7eI0x66KBGeRo+mlBEkMSeSZ38Nw=="
    },
    "ws@8.19.0": {
      "integrity": "sha512-blAT2mjOEIi0ZzruJfIhb3nps74PRWTCz1IjglWEEpQl5XS/UNama6u2/rjFkDDouqr4L67ry+1aGIALViWjDg=="
    }
  },
  "workspace": {
    "dependencies": [
      "jsr:@std/http@0.224.0",
      "jsr:@supabase/supabase-js@^2.91.0"
    ]
  }
}
